
Microsoft Visual Studio Solution File, Format Version 12.00
# Visual Studio 14
VisualStudioVersion = 14.0.25123.0
MinimumVisualStudioVersion = 10.0.40219.1
Project("{FAE04EC0-301F-11D3-BF4B-00C04F79EFBC}") = "DenSGame", "DenSGame\DenSGame.csproj", "{D1B9F49E-51E2-47FF-B219-A86C34120A27}"
EndProject
Project("{FAE04EC0-301F-11D3-BF4B-00C04F79EFBC}") = "DenSGame.Data", "DenSGame.Data\DenSGame.Data.csproj", "{CA2B0A1E-7DDB-4E17-B85F-E26AD8F3CF4D}"
EndProject
Global
	GlobalSection(SolutionConfigurationPlatforms) = preSolution
		Debug|Any CPU = Debug|Any CPU
		Release|Any CPU = Release|Any CPU
	EndGlobalSection
	GlobalSection(ProjectConfigurationPlatforms) = postSolution
		{D1B9F49E-51E2-47FF-B219-A86C34120A27}.Debug|Any CPU.ActiveCfg = Debug|Any CPU
		{D1B9F49E-51E2-47FF-B219-A86C34120A27}.Debug|Any CPU.Build.0 = Debug|Any CPU
		{D1B9F49E-51E2-47FF-B219-A86C34120A27}.Release|Any CPU.ActiveCfg = Release|Any CPU
		{D1B9F49E-51E2-47FF-B219-A86C34120A27}.Release|Any CPU.Build.0 = Release|Any CPU
		{CA2B0A1E-7DDB-4E17-B85F-E26AD8F3CF4D}.Debug|Any CPU.ActiveCfg = Debug|Any CPU
		{CA2B0A1E-7DDB-4E17-B85F-E26AD8F3CF4D}.Debug|Any CPU.Build.0 = Debug|Any CPU
		{CA2B0A1E-7DDB-4E17-B85F-E26AD8F3CF4D}.Release|Any CPU.ActiveCfg = Release|Any CPU
		{CA2B0A1E-7DDB-4E17-B85F-E26AD8F3CF4D}.Release|Any CPU.Build.0 = Release|Any CPU
	EndGlobalSection
	GlobalSection(SolutionProperties) = preSolution
		HideSolutionNode = FALSE
	EndGlobalSection
EndGlobal
